<?xml version="1.0" encoding="utf-8"?>
<Project ToolsVersion="4.0" xmlns="http://schemas.microsoft.com/developer/msbuild/2003">
  <ItemGroup>
    <Filter Include="Source Files">
      <UniqueIdentifier>{4FC737F1-C7A5-4376-A066-2A32D752A2FF}</UniqueIdentifier>
      <Extensions>cpp;c;cc;cxx;def;odl;idl;hpj;bat;asm;asmx</Extensions>
    </Filter>
    <Filter Include="Header Files">
      <UniqueIdentifier>{93995380-89BD-4b04-88EB-625FBE52EBFB}</UniqueIdentifier>
      <Extensions>h;hh;hpp;hxx;hm;inl;inc;ipp;xsd</Extensions>
    </Filter>
    <Filter Include="Resource Files">
      <UniqueIdentifier>{67DA6AB6-F800-4c08-8B7A-83BB121AAD01}</UniqueIdentifier>
      <Extensions>rc;ico;cur;bmp;dlg;rc2;rct;bin;rgs;gif;jpg;jpeg;jpe;resx;tiff;tif;png;wav;mfcribbon-ms</Extensions>
    </Filter>
    <Filter Include="Source Files\1-100">
      <UniqueIdentifier>{503ea25c-767b-42d0-b7fa-814564a51696}</UniqueIdentifier>
    </Filter>
    <Filter Include="Source Files\1-100\1-10">
      <UniqueIdentifier>{183efb6f-005b-41fc-ad84-c5583d97ed5f}</UniqueIdentifier>
    </Filter>
    <Filter Include="Source Files\1-100\11-20">
      <UniqueIdentifier>{004a3a1d-0c58-4ef5-af6c-41a2d075680b}</UniqueIdentifier>
    </Filter>
    <Filter Include="Source Files\1-100\21-30">
      <UniqueIdentifier>{4b436fbc-f558-4fe6-b591-99d5a605944a}</UniqueIdentifier>
    </Filter>
    <Filter Include="Source Files\1-100\31-40">
      <UniqueIdentifier>{94533a08-e531-4b35-9dba-9b97e1ac39cc}</UniqueIdentifier>
    </Filter>
    <Filter Include="Source Files\1-100\41-50">
      <UniqueIdentifier>{12092bc2-caa0-4d17-8d57-9df26698ed40}</UniqueIdentifier>
    </Filter>
    <Filter Include="Source Files\1-100\51-60">
      <UniqueIdentifier>{11408cb5-76eb-4235-a791-8cf2ac41bf9f}</UniqueIdentifier>
    </Filter>
  </ItemGroup>
  <ItemGroup>
    <ClCompile Include="1-100\1-10\1.cpp">
      <Filter>Source Files\1-100\1-10</Filter>
    </ClCompile>
    <ClCompile Include="1-100\1-10\2.cpp">
      <Filter>Source Files\1-100\1-10</Filter>
    </ClCompile>
    <ClCompile Include="1-100\1-10\3.cpp">
      <Filter>Source Files\1-100\1-10</Filter>
    </ClCompile>
    <ClCompile Include="1-100\1-10\4.cpp">
      <Filter>Source Files\1-100\1-10</Filter>
    </ClCompile>
    <ClCompile Include="1-100\1-10\5.cpp">
      <Filter>Source Files\1-100\1-10</Filter>
    </ClCompile>
    <ClCompile Include="1-100\1-10\6.cpp">
      <Filter>Source Files\1-100\1-10</Filter>
    </ClCompile>
    <ClCompile Include="1-100\1-10\7.cpp">
      <Filter>Source Files\1-100\1-10</Filter>
    </ClCompile>
    <ClCompile Include="1-100\1-10\8.cpp">
      <Filter>Source Files\1-100\1-10</Filter>
    </ClCompile>
    <ClCompile Include="1-100\1-10\9.cpp">
      <Filter>Source Files\1-100\1-10</Filter>
    </ClCompile>
    <ClCompile Include="1-100\1-10\10.cpp">
      <Filter>Source Files\1-100\1-10</Filter>
    </ClCompile>
    <ClCompile Include="1-100\31-40\31.cpp">
      <Filter>Source Files\1-100\31-40</Filter>
    </ClCompile>
    <ClCompile Include="1-100\31-40\32.cpp">
      <Filter>Source Files\1-100\31-40</Filter>
    </ClCompile>
    <ClCompile Include="1-100\11-20\11.cpp">
      <Filter>Source Files\1-100\11-20</Filter>
    </ClCompile>
    <ClCompile Include="1-100\11-20\12.cpp">
      <Filter>Source Files\1-100\11-20</Filter>
    </ClCompile>
    <ClCompile Include="1-100\11-20\13.cpp">
      <Filter>Source Files\1-100\11-20</Filter>
    </ClCompile>
    <ClCompile Include="1-100\11-20\14.cpp">
      <Filter>Source Files\1-100\11-20</Filter>
    </ClCompile>
    <ClCompile Include="1-100\11-20\15.cpp">
      <Filter>Source Files\1-100\11-20</Filter>
    </ClCompile>
    <ClCompile Include="1-100\11-20\16.cpp">
      <Filter>Source Files\1-100\11-20</Filter>
    </ClCompile>
    <ClCompile Include="1-100\11-20\17.cpp">
      <Filter>Source Files\1-100\11-20</Filter>
    </ClCompile>
    <ClCompile Include="1-100\11-20\18.cpp">
      <Filter>Source Files\1-100\11-20</Filter>
    </ClCompile>
    <ClCompile Include="1-100\11-20\19.cpp">
      <Filter>Source Files\1-100\11-20</Filter>
    </ClCompile>
    <ClCompile Include="1-100\11-20\20.cpp">
      <Filter>Source Files\1-100\11-20</Filter>
    </ClCompile>
    <ClCompile Include="1-100\21-30\21.cpp">
      <Filter>Source Files\1-100\21-30</Filter>
    </ClCompile>
    <ClCompile Include="1-100\21-30\22.cpp">
      <Filter>Source Files\1-100\21-30</Filter>
    </ClCompile>
    <ClCompile Include="1-100\21-30\23.cpp">
      <Filter>Source Files\1-100\21-30</Filter>
    </ClCompile>
    <ClCompile Include="1-100\21-30\24.cpp">
      <Filter>Source Files\1-100\21-30</Filter>
    </ClCompile>
    <ClCompile Include="1-100\21-30\25.cpp">
      <Filter>Source Files\1-100\21-30</Filter>
    </ClCompile>
    <ClCompile Include="1-100\21-30\26.cpp">
      <Filter>Source Files\1-100\21-30</Filter>
    </ClCompile>
    <ClCompile Include="1-100\21-30\27.cpp">
      <Filter>Source Files\1-100\21-30</Filter>
    </ClCompile>
    <ClCompile Include="1-100\21-30\28.cpp">
      <Filter>Source Files\1-100\21-30</Filter>
    </ClCompile>
    <ClCompile Include="1-100\21-30\30.cpp">
      <Filter>Source Files\1-100\21-30</Filter>
    </ClCompile>
    <ClCompile Include="1-100\21-30\29.cpp">
      <Filter>Source Files\1-100\21-30</Filter>
    </ClCompile>
    <ClCompile Include="1-100\31-40\33.cpp">
      <Filter>Source Files\1-100\31-40</Filter>
    </ClCompile>
    <ClCompile Include="1-100\31-40\34.cpp">
      <Filter>Source Files\1-100\31-40</Filter>
    </ClCompile>
    <ClCompile Include="1-100\31-40\35.cpp">
      <Filter>Source Files\1-100\31-40</Filter>
    </ClCompile>
    <ClCompile Include="1-100\31-40\36.cpp">
      <Filter>Source Files\1-100\31-40</Filter>
    </ClCompile>
    <ClCompile Include="1-100\31-40\37.cpp">
      <Filter>Source Files\1-100\31-40</Filter>
    </ClCompile>
    <ClCompile Include="1-100\31-40\38.cpp">
      <Filter>Source Files\1-100\31-40</Filter>
    </ClCompile>
    <ClCompile Include="1-100\31-40\39.cpp">
      <Filter>Source Files\1-100\31-40</Filter>
    </ClCompile>
    <ClCompile Include="1-100\31-40\40.cpp">
      <Filter>Source Files\1-100\31-40</Filter>
    </ClCompile>
    <ClCompile Include="1-100\41-50\41.cpp">
      <Filter>Source Files\1-100\41-50</Filter>
    </ClCompile>
    <ClCompile Include="1-100\41-50\42.cpp">
      <Filter>Source Files\1-100\41-50</Filter>
    </ClCompile>
    <ClCompile Include="1-100\41-50\43.cpp">
      <Filter>Source Files\1-100\41-50</Filter>
    </ClCompile>
    <ClCompile Include="1-100\41-50\44.cpp">
      <Filter>Source Files\1-100\41-50</Filter>
    </ClCompile>
    <ClCompile Include="1-100\41-50\45.cpp">
      <Filter>Source Files\1-100\41-50</Filter>
    </ClCompile>
    <ClCompile Include="1-100\41-50\46.cpp">
      <Filter>Source Files\1-100\41-50</Filter>
    </ClCompile>
    <ClCompile Include="1-100\41-50\47.cpp">
      <Filter>Source Files\1-100\41-50</Filter>
    </ClCompile>
    <ClCompile Include="1-100\41-50\48.cpp">
      <Filter>Source Files\1-100\41-50</Filter>
    </ClCompile>
    <ClCompile Include="1-100\41-50\49.cpp">
      <Filter>Source Files\1-100\41-50</Filter>
    </ClCompile>
    <ClCompile Include="1-100\41-50\50.cpp">
      <Filter>Source Files\1-100\41-50</Filter>
    </ClCompile>
    <ClCompile Include="1-100\51-60\51.cpp">
      <Filter>Source Files\1-100\51-60</Filter>
    </ClCompile>
    <ClCompile Include="1-100\51-60\52.cpp">
      <Filter>Source Files\1-100\51-60</Filter>
    </ClCompile>
    <ClCompile Include="1-100\51-60\53.cpp">
      <Filter>Source Files\1-100\51-60</Filter>
    </ClCompile>
    <ClCompile Include="1-100\51-60\54.cpp">
      <Filter>Source Files\1-100\51-60</Filter>
    </ClCompile>
    <ClCompile Include="1-100\51-60\55.cpp">
      <Filter>Source Files\1-100\51-60</Filter>
    </ClCompile>
  </ItemGroup>
  <ItemGroup>
    <Text Include="p022_names.txt">
      <Filter>Resource Files</Filter>
    </Text>
    <Text Include="p042_words.txt">
      <Filter>Resource Files</Filter>
    </Text>
    <Text Include="p054_poker.txt">
      <Filter>Resource Files</Filter>
    </Text>
  </ItemGroup>
</Project>