<?xml version="1.0" encoding="utf-8"?>
<Project ToolsVersion="4.0" xmlns="http://schemas.microsoft.com/developer/msbuild/2003">
  <ItemGroup>
    <Filter Include="Source Files">
      <UniqueIdentifier>{4FC737F1-C7A5-4376-A066-2A32D752A2FF}</UniqueIdentifier>
      <Extensions>cpp;c;cc;cxx;def;odl;idl;hpj;bat;asm;asmx</Extensions>
    </Filter>
    <Filter Include="Header Files">
      <UniqueIdentifier>{93995380-89BD-4b04-88EB-625FBE52EBFB}</UniqueIdentifier>
      <Extensions>h;hh;hpp;hxx;hm;inl;inc;ipp;xsd</Extensions>
    </Filter>
    <Filter Include="Resource Files">
      <UniqueIdentifier>{67DA6AB6-F800-4c08-8B7A-83BB121AAD01}</UniqueIdentifier>
      <Extensions>rc;ico;cur;bmp;dlg;rc2;rct;bin;rgs;gif;jpg;jpeg;jpe;resx;tiff;tif;png;wav;mfcribbon-ms</Extensions>
    </Filter>
    <Filter Include="Source Files\1-100">
      <UniqueIdentifier>{503ea25c-767b-42d0-b7fa-814564a51696}</UniqueIdentifier>
    </Filter>
    <Filter Include="Source Files\1-100\1-10">
      <UniqueIdentifier>{183efb6f-005b-41fc-ad84-c5583d97ed5f}</UniqueIdentifier>
    </Filter>
    <Filter Include="Source Files\1-100\11-20">
      <UniqueIdentifier>{004a3a1d-0c58-4ef5-af6c-41a2d075680b}</UniqueIdentifier>
    </Filter>
    <Filter Include="Source Files\1-100\21-30">
      <UniqueIdentifier>{4b436fbc-f558-4fe6-b591-99d5a605944a}</UniqueIdentifier>
    </Filter>
    <Filter Include="Source Files\1-100\31-40">
      <UniqueIdentifier>{94533a08-e531-4b35-9dba-9b97e1ac39cc}</UniqueIdentifier>
    </Filter>
    <Filter Include="Source Files\1-100\41-50">
      <UniqueIdentifier>{12092bc2-caa0-4d17-8d57-9df26698ed40}</UniqueIdentifier>
    </Filter>
    <Filter Include="Source Files\1-100\51-60">
      <UniqueIdentifier>{11408cb5-76eb-4235-a791-8cf2ac41bf9f}</UniqueIdentifier>
    </Filter>
    <Filter Include="Source Files\1-100\61-70">
      <UniqueIdentifier>{b63f9b95-1c98-49d3-8215-3c686b04a4ae}</UniqueIdentifier>
    </Filter>
    <Filter Include="Source Files\1-100\71-80">
      <UniqueIdentifier>{61b78826-2751-48e7-aed3-b4f53aa53206}</UniqueIdentifier>
    </Filter>
    <Filter Include="Source Files\1-100\81-90">
      <UniqueIdentifier>{bbf8964f-0211-4862-b97d-5493dc5cba64}</UniqueIdentifier>
    </Filter>
    <Filter Include="Source Files\1-100\91-100">
      <UniqueIdentifier>{461e786b-9903-4606-a2a2-2360a8827c93}</UniqueIdentifier>
    </Filter>
  </ItemGroup>
  <ItemGroup>
    <ClCompile Include="1-100\1-10\1.cpp">
      <Filter>Source Files\1-100\1-10</Filter>
    </ClCompile>
    <ClCompile Include="1-100\1-10\2.cpp">
      <Filter>Source Files\1-100\1-10</Filter>
    </ClCompile>
    <ClCompile Include="1-100\1-10\3.cpp">
      <Filter>Source Files\1-100\1-10</Filter>
    </ClCompile>
    <ClCompile Include="1-100\1-10\4.cpp">
      <Filter>Source Files\1-100\1-10</Filter>
    </ClCompile>
    <ClCompile Include="1-100\1-10\5.cpp">
      <Filter>Source Files\1-100\1-10</Filter>
    </ClCompile>
    <ClCompile Include="1-100\1-10\6.cpp">
      <Filter>Source Files\1-100\1-10</Filter>
    </ClCompile>
    <ClCompile Include="1-100\1-10\7.cpp">
      <Filter>Source Files\1-100\1-10</Filter>
    </ClCompile>
    <ClCompile Include="1-100\1-10\8.cpp">
      <Filter>Source Files\1-100\1-10</Filter>
    </ClCompile>
    <ClCompile Include="1-100\1-10\9.cpp">
      <Filter>Source Files\1-100\1-10</Filter>
    </ClCompile>
    <ClCompile Include="1-100\1-10\10.cpp">
      <Filter>Source Files\1-100\1-10</Filter>
    </ClCompile>
    <ClCompile Include="1-100\31-40\31.cpp">
      <Filter>Source Files\1-100\31-40</Filter>
    </ClCompile>
    <ClCompile Include="1-100\31-40\32.cpp">
      <Filter>Source Files\1-100\31-40</Filter>
    </ClCompile>
    <ClCompile Include="1-100\11-20\11.cpp">
      <Filter>Source Files\1-100\11-20</Filter>
    </ClCompile>
    <ClCompile Include="1-100\11-20\12.cpp">
      <Filter>Source Files\1-100\11-20</Filter>
    </ClCompile>
    <ClCompile Include="1-100\11-20\13.cpp">
      <Filter>Source Files\1-100\11-20</Filter>
    </ClCompile>
    <ClCompile Include="1-100\11-20\14.cpp">
      <Filter>Source Files\1-100\11-20</Filter>
    </ClCompile>
    <ClCompile Include="1-100\11-20\15.cpp">
      <Filter>Source Files\1-100\11-20</Filter>
    </ClCompile>
    <ClCompile Include="1-100\11-20\16.cpp">
      <Filter>Source Files\1-100\11-20</Filter>
    </ClCompile>
    <ClCompile Include="1-100\11-20\17.cpp">
      <Filter>Source Files\1-100\11-20</Filter>
    </ClCompile>
    <ClCompile Include="1-100\11-20\18.cpp">
      <Filter>Source Files\1-100\11-20</Filter>
    </ClCompile>
    <ClCompile Include="1-100\11-20\19.cpp">
      <Filter>Source Files\1-100\11-20</Filter>
    </ClCompile>
    <ClCompile Include="1-100\11-20\20.cpp">
      <Filter>Source Files\1-100\11-20</Filter>
    </ClCompile>
    <ClCompile Include="1-100\21-30\21.cpp">
      <Filter>Source Files\1-100\21-30</Filter>
    </ClCompile>
    <ClCompile Include="1-100\21-30\22.cpp">
      <Filter>Source Files\1-100\21-30</Filter>
    </ClCompile>
    <ClCompile Include="1-100\21-30\23.cpp">
      <Filter>Source Files\1-100\21-30</Filter>
    </ClCompile>
    <ClCompile Include="1-100\21-30\24.cpp">
      <Filter>Source Files\1-100\21-30</Filter>
    </ClCompile>
    <ClCompile Include="1-100\21-30\25.cpp">
      <Filter>Source Files\1-100\21-30</Filter>
    </ClCompile>
    <ClCompile Include="1-100\21-30\26.cpp">
      <Filter>Source Files\1-100\21-30</Filter>
    </ClCompile>
    <ClCompile Include="1-100\21-30\27.cpp">
      <Filter>Source Files\1-100\21-30</Filter>
    </ClCompile>
    <ClCompile Include="1-100\21-30\28.cpp">
      <Filter>Source Files\1-100\21-30</Filter>
    </ClCompile>
    <ClCompile Include="1-100\21-30\30.cpp">
      <Filter>Source Files\1-100\21-30</Filter>
    </ClCompile>
    <ClCompile Include="1-100\21-30\29.cpp">
      <Filter>Source Files\1-100\21-30</Filter>
    </ClCompile>
    <ClCompile Include="1-100\31-40\33.cpp">
      <Filter>Source Files\1-100\31-40</Filter>
    </ClCompile>
    <ClCompile Include="1-100\31-40\34.cpp">
      <Filter>Source Files\1-100\31-40</Filter>
    </ClCompile>
    <ClCompile Include="1-100\31-40\35.cpp">
      <Filter>Source Files\1-100\31-40</Filter>
    </ClCompile>
    <ClCompile Include="1-100\31-40\36.cpp">
      <Filter>Source Files\1-100\31-40</Filter>
    </ClCompile>
    <ClCompile Include="1-100\31-40\37.cpp">
      <Filter>Source Files\1-100\31-40</Filter>
    </ClCompile>
    <ClCompile Include="1-100\31-40\38.cpp">
      <Filter>Source Files\1-100\31-40</Filter>
    </ClCompile>
    <ClCompile Include="1-100\31-40\39.cpp">
      <Filter>Source Files\1-100\31-40</Filter>
    </ClCompile>
    <ClCompile Include="1-100\31-40\40.cpp">
      <Filter>Source Files\1-100\31-40</Filter>
    </ClCompile>
    <ClCompile Include="1-100\41-50\41.cpp">
      <Filter>Source Files\1-100\41-50</Filter>
    </ClCompile>
    <ClCompile Include="1-100\41-50\42.cpp">
      <Filter>Source Files\1-100\41-50</Filter>
    </ClCompile>
    <ClCompile Include="1-100\41-50\43.cpp">
      <Filter>Source Files\1-100\41-50</Filter>
    </ClCompile>
    <ClCompile Include="1-100\41-50\44.cpp">
      <Filter>Source Files\1-100\41-50</Filter>
    </ClCompile>
    <ClCompile Include="1-100\41-50\45.cpp">
      <Filter>Source Files\1-100\41-50</Filter>
    </ClCompile>
    <ClCompile Include="1-100\41-50\46.cpp">
      <Filter>Source Files\1-100\41-50</Filter>
    </ClCompile>
    <ClCompile Include="1-100\41-50\47.cpp">
      <Filter>Source Files\1-100\41-50</Filter>
    </ClCompile>
    <ClCompile Include="1-100\41-50\48.cpp">
      <Filter>Source Files\1-100\41-50</Filter>
    </ClCompile>
    <ClCompile Include="1-100\41-50\49.cpp">
      <Filter>Source Files\1-100\41-50</Filter>
    </ClCompile>
    <ClCompile Include="1-100\41-50\50.cpp">
      <Filter>Source Files\1-100\41-50</Filter>
    </ClCompile>
    <ClCompile Include="1-100\51-60\51.cpp">
      <Filter>Source Files\1-100\51-60</Filter>
    </ClCompile>
    <ClCompile Include="1-100\51-60\52.cpp">
      <Filter>Source Files\1-100\51-60</Filter>
    </ClCompile>
    <ClCompile Include="1-100\51-60\53.cpp">
      <Filter>Source Files\1-100\51-60</Filter>
    </ClCompile>
    <ClCompile Include="1-100\51-60\54.cpp">
      <Filter>Source Files\1-100\51-60</Filter>
    </ClCompile>
    <ClCompile Include="1-100\51-60\55.cpp">
      <Filter>Source Files\1-100\51-60</Filter>
    </ClCompile>
    <ClCompile Include="1-100\51-60\56.cpp">
      <Filter>Source Files\1-100\51-60</Filter>
    </ClCompile>
    <ClCompile Include="1-100\51-60\57.cpp">
      <Filter>Source Files\1-100\51-60</Filter>
    </ClCompile>
    <ClCompile Include="1-100\51-60\58.cpp">
      <Filter>Source Files\1-100\51-60</Filter>
    </ClCompile>
    <ClCompile Include="1-100\51-60\59.cpp">
      <Filter>Source Files\1-100\51-60</Filter>
    </ClCompile>
    <ClCompile Include="1-100\51-60\60.cpp">
      <Filter>Source Files\1-100\51-60</Filter>
    </ClCompile>
    <ClCompile Include="1-100\61-70\61.cpp">
      <Filter>Source Files\1-100\61-70</Filter>
    </ClCompile>
    <ClCompile Include="1-100\61-70\62.cpp">
      <Filter>Source Files\1-100\61-70</Filter>
    </ClCompile>
    <ClCompile Include="1-100\61-70\63.cpp">
      <Filter>Source Files\1-100\61-70</Filter>
    </ClCompile>
    <ClCompile Include="1-100\61-70\67.cpp">
      <Filter>Source Files\1-100\61-70</Filter>
    </ClCompile>
    <ClCompile Include="1-100\61-70\69.cpp">
      <Filter>Source Files\1-100\61-70</Filter>
    </ClCompile>
    <ClCompile Include="1-100\61-70\70.cpp">
      <Filter>Source Files\1-100\61-70</Filter>
    </ClCompile>
    <ClCompile Include="1-100\61-70\68.cpp">
      <Filter>Source Files\1-100\61-70</Filter>
    </ClCompile>
    <ClCompile Include="1-100\71-80\74.cpp">
      <Filter>Source Files\1-100\71-80</Filter>
    </ClCompile>
    <ClCompile Include="1-100\71-80\75.cpp">
      <Filter>Source Files\1-100\71-80</Filter>
    </ClCompile>
    <ClCompile Include="1-100\71-80\76.cpp">
      <Filter>Source Files\1-100\71-80</Filter>
    </ClCompile>
    <ClCompile Include="1-100\61-70\64.cpp">
      <Filter>Source Files\1-100\61-70</Filter>
    </ClCompile>
    <ClCompile Include="1-100\71-80\77.cpp">
      <Filter>Source Files\1-100\71-80</Filter>
    </ClCompile>
    <ClCompile Include="1-100\71-80\78.cpp">
      <Filter>Source Files\1-100\71-80</Filter>
    </ClCompile>
    <ClCompile Include="1-100\71-80\79.cpp">
      <Filter>Source Files\1-100\71-80</Filter>
    </ClCompile>
    <ClCompile Include="1-100\71-80\80.cpp">
      <Filter>Source Files\1-100\71-80</Filter>
    </ClCompile>
    <ClCompile Include="1-100\61-70\65.cpp">
      <Filter>Source Files\1-100\61-70</Filter>
    </ClCompile>
    <ClCompile Include="1-100\61-70\66.cpp">
      <Filter>Source Files\1-100\61-70</Filter>
    </ClCompile>
    <ClCompile Include="1-100\71-80\71.cpp">
      <Filter>Source Files\1-100\71-80</Filter>
    </ClCompile>
    <ClCompile Include="1-100\71-80\72.cpp">
      <Filter>Source Files\1-100\71-80</Filter>
    </ClCompile>
    <ClCompile Include="1-100\71-80\73.cpp">
      <Filter>Source Files\1-100\71-80</Filter>
    </ClCompile>
    <ClCompile Include="1-100\81-90\81.cpp">
      <Filter>Source Files\1-100\81-90</Filter>
    </ClCompile>
    <ClCompile Include="1-100\91-100\96.cpp">
      <Filter>Source Files\1-100\91-100</Filter>
    </ClCompile>
    <ClCompile Include="1-100\91-100\92.cpp">
      <Filter>Source Files\1-100\91-100</Filter>
    </ClCompile>
    <ClCompile Include="1-100\91-100\95.cpp">
      <Filter>Source Files\1-100\91-100</Filter>
    </ClCompile>
  </ItemGroup>
  <ItemGroup>
    <Text Include="p022_names.txt">
      <Filter>Resource Files</Filter>
    </Text>
    <Text Include="p042_words.txt">
      <Filter>Resource Files</Filter>
    </Text>
    <Text Include="p054_poker.txt">
      <Filter>Resource Files</Filter>
    </Text>
    <Text Include="p059_cipher.txt">
      <Filter>Resource Files</Filter>
    </Text>
    <Text Include="p067_triangle.txt">
      <Filter>Resource Files</Filter>
    </Text>
    <Text Include="p079_keylog.txt">
      <Filter>Resource Files</Filter>
    </Text>
    <Text Include="p081_matrix.txt">
      <Filter>Resource Files</Filter>
    </Text>
    <Text Include="p096_sudoku.txt">
      <Filter>Resource Files</Filter>
    </Text>
  </ItemGroup>
</Project>